# THIS IS AN AUTOGENERATED FILE. DO NOT EDIT THIS FILE DIRECTLY.
# yarn lockfile v1


argparse@^1.0.7:
  version "1.0.9"
  resolved "https://npm.tradecast.eu:4879/argparse/-/argparse-1.0.9.tgz#73d83bc263f86e97f8cc4f6bae1b0e90a7d22c86"
  dependencies:
    sprintf-js "~1.0.2"

call-me-maybe@^1.0.1:
  version "1.0.1"
  resolved "https://npm.tradecast.eu:4879/call-me-maybe/-/call-me-maybe-1.0.1.tgz#26d208ea89e37b5cbde60250a15f031c16a4d66b"

debug@^3.1.0:
  version "3.1.0"
  resolved "https://npm.tradecast.eu:4879/debug/-/debug-3.1.0.tgz#5bb5a0672628b64149566ba16819e61518c67261"
  dependencies:
    ms "2.0.0"

esprima@^4.0.0:
  version "4.0.0"
  resolved "https://npm.tradecast.eu:4879/esprima/-/esprima-4.0.0.tgz#4499eddcd1110e0b218bacf2fa7f7f59f55ca804"

format-util@^1.0.3:
  version "1.0.3"
  resolved "https://npm.tradecast.eu:4879/format-util/-/format-util-1.0.3.tgz#032dca4a116262a12c43f4c3ec8566416c5b2d95"

js-yaml@^3.10.0:
  version "3.10.0"
  resolved "https://npm.tradecast.eu:4879/js-yaml/-/js-yaml-3.10.0.tgz#2e78441646bd4682e963f22b6e92823c309c62dc"
  dependencies:
    argparse "^1.0.7"
    esprima "^4.0.0"

json-schema-ref-parser@^4.1.0:
  version "4.1.0"
  resolved "https://npm.tradecast.eu:4879/json-schema-ref-parser/-/json-schema-ref-parser-4.1.0.tgz#8fe5e2c1c6091e5e7c6fa3c64de0c54d5cc055c8"
  dependencies:
    call-me-maybe "^1.0.1"
    debug "^3.1.0"
    js-yaml "^3.10.0"
    ono "^4.0.3"

ms@2.0.0:
  version "2.0.0"
  resolved "https://npm.tradecast.eu:4879/ms/-/ms-2.0.0.tgz#5608aeadfc00be6c2901df5f9861788de0d597c8"

ono@^4.0.3:
  version "4.0.3"
  resolved "https://npm.tradecast.eu:4879/ono/-/ono-4.0.3.tgz#b36050f71b02841bfb59f368deab8b07375e2219"
  dependencies:
    format-util "^1.0.3"

sprintf-js@~1.0.2:
  version "1.0.3"
  resolved "https://npm.tradecast.eu:4879/sprintf-js/-/sprintf-js-1.0.3.tgz#04e6926f662895354f3dd015203633b857297e2c"
